
Microsoft Visual Studio Solution File, Format Version 12.00
# Visual Studio 14
VisualStudioVersion = 14.0.25123.0
MinimumVisualStudioVersion = 10.0.40219.1
Project("{FAE04EC0-301F-11D3-BF4B-00C04F79EFBC}") = "Order by Age", "Order by Age\Order by Age.csproj", "{244DDB91-EE1C-423C-A5C1-73CBEEA67249}"
EndProject
Project("{FAE04EC0-301F-11D3-BF4B-00C04F79EFBC}") = "Vehicle Catalogue", "Vehicle Catalogue\Vehicle Catalogue.csproj", "{7D165DAE-C402-4C74-8629-49E6FF74F534}"
EndProject
Project("{FAE04EC0-301F-11D3-BF4B-00C04F79EFBC}") = "Jarvis", "Jarvis\Jarvis.csproj", "{922C977C-C553-4D12-85A4-DCA994BAE60A}"
EndProject
Global
	GlobalSection(SolutionConfigurationPlatforms) = preSolution
		Debug|Any CPU = Debug|Any CPU
		Release|Any CPU = Release|Any CPU
	EndGlobalSection
	GlobalSection(ProjectConfigurationPlatforms) = postSolution
		{244DDB91-EE1C-423C-A5C1-73CBEEA67249}.Debug|Any CPU.ActiveCfg = Debug|Any CPU
		{244DDB91-EE1C-423C-A5C1-73CBEEA67249}.Debug|Any CPU.Build.0 = Debug|Any CPU
		{244DDB91-EE1C-423C-A5C1-73CBEEA67249}.Release|Any CPU.ActiveCfg = Release|Any CPU
		{244DDB91-EE1C-423C-A5C1-73CBEEA67249}.Release|Any CPU.Build.0 = Release|Any CPU
		{7D165DAE-C402-4C74-8629-49E6FF74F534}.Debug|Any CPU.ActiveCfg = Debug|Any CPU
		{7D165DAE-C402-4C74-8629-49E6FF74F534}.Debug|Any CPU.Build.0 = Debug|Any CPU
		{7D165DAE-C402-4C74-8629-49E6FF74F534}.Release|Any CPU.ActiveCfg = Release|Any CPU
		{7D165DAE-C402-4C74-8629-49E6FF74F534}.Release|Any CPU.Build.0 = Release|Any CPU
		{922C977C-C553-4D12-85A4-DCA994BAE60A}.Debug|Any CPU.ActiveCfg = Debug|Any CPU
		{922C977C-C553-4D12-85A4-DCA994BAE60A}.Debug|Any CPU.Build.0 = Debug|Any CPU
		{922C977C-C553-4D12-85A4-DCA994BAE60A}.Release|Any CPU.ActiveCfg = Release|Any CPU
		{922C977C-C553-4D12-85A4-DCA994BAE60A}.Release|Any CPU.Build.0 = Release|Any CPU
	EndGlobalSection
	GlobalSection(SolutionProperties) = preSolution
		HideSolutionNode = FALSE
	EndGlobalSection
EndGlobal
