
Microsoft Visual Studio Solution File, Format Version 12.00
# Visual Studio 14
VisualStudioVersion = 14.0.25123.0
MinimumVisualStudioVersion = 10.0.40219.1
Project("{FAE04EC0-301F-11D3-BF4B-00C04F79EFBC}") = "Sino The Walker", "Sino The Walker\Sino The Walker.csproj", "{45E1B5C6-2D08-4C2B-B64C-C57859534947}"
EndProject
Project("{FAE04EC0-301F-11D3-BF4B-00C04F79EFBC}") = "SoftUni Karaoke", "SoftUni Karaoke\SoftUni Karaoke.csproj", "{F22DB423-08D5-4D43-A28B-C74C4FAAC4C0}"
EndProject
Global
	GlobalSection(SolutionConfigurationPlatforms) = preSolution
		Debug|Any CPU = Debug|Any CPU
		Release|Any CPU = Release|Any CPU
	EndGlobalSection
	GlobalSection(ProjectConfigurationPlatforms) = postSolution
		{45E1B5C6-2D08-4C2B-B64C-C57859534947}.Debug|Any CPU.ActiveCfg = Debug|Any CPU
		{45E1B5C6-2D08-4C2B-B64C-C57859534947}.Debug|Any CPU.Build.0 = Debug|Any CPU
		{45E1B5C6-2D08-4C2B-B64C-C57859534947}.Release|Any CPU.ActiveCfg = Release|Any CPU
		{45E1B5C6-2D08-4C2B-B64C-C57859534947}.Release|Any CPU.Build.0 = Release|Any CPU
		{F22DB423-08D5-4D43-A28B-C74C4FAAC4C0}.Debug|Any CPU.ActiveCfg = Debug|Any CPU
		{F22DB423-08D5-4D43-A28B-C74C4FAAC4C0}.Debug|Any CPU.Build.0 = Debug|Any CPU
		{F22DB423-08D5-4D43-A28B-C74C4FAAC4C0}.Release|Any CPU.ActiveCfg = Release|Any CPU
		{F22DB423-08D5-4D43-A28B-C74C4FAAC4C0}.Release|Any CPU.Build.0 = Release|Any CPU
	EndGlobalSection
	GlobalSection(SolutionProperties) = preSolution
		HideSolutionNode = FALSE
	EndGlobalSection
EndGlobal
