
Microsoft Visual Studio Solution File, Format Version 12.00
# Visual Studio 14
VisualStudioVersion = 14.0.25123.0
MinimumVisualStudioVersion = 10.0.40219.1
Project("{FAE04EC0-301F-11D3-BF4B-00C04F79EFBC}") = "Rabbit Hole", "Rabbit Hole\Rabbit Hole.csproj", "{7A8121DE-8AC7-4205-AB1B-72440FD2D00F}"
EndProject
Project("{FAE04EC0-301F-11D3-BF4B-00C04F79EFBC}") = "Binary Search", "Binary Search\Binary Search.csproj", "{EB125591-FFC9-4A4D-A661-81ADFFC6D17D}"
EndProject
Project("{FAE04EC0-301F-11D3-BF4B-00C04F79EFBC}") = "Mirror Image", "Mirror Image\Mirror Image.csproj", "{53D17AB4-2C54-4163-B40B-EFE917FC310E}"
EndProject
Project("{FAE04EC0-301F-11D3-BF4B-00C04F79EFBC}") = "Japanese Roulette", "Japanese Roulette\Japanese Roulette.csproj", "{1428B84D-CDAC-48E2-AF99-47583A54F62D}"
EndProject
Project("{FAE04EC0-301F-11D3-BF4B-00C04F79EFBC}") = "Increasing Crisis", "Increasing Crisis\Increasing Crisis.csproj", "{9D540170-8C90-4337-A8E2-D744C59DD3E6}"
EndProject
Global
	GlobalSection(SolutionConfigurationPlatforms) = preSolution
		Debug|Any CPU = Debug|Any CPU
		Release|Any CPU = Release|Any CPU
	EndGlobalSection
	GlobalSection(ProjectConfigurationPlatforms) = postSolution
		{7A8121DE-8AC7-4205-AB1B-72440FD2D00F}.Debug|Any CPU.ActiveCfg = Debug|Any CPU
		{7A8121DE-8AC7-4205-AB1B-72440FD2D00F}.Debug|Any CPU.Build.0 = Debug|Any CPU
		{7A8121DE-8AC7-4205-AB1B-72440FD2D00F}.Release|Any CPU.ActiveCfg = Release|Any CPU
		{7A8121DE-8AC7-4205-AB1B-72440FD2D00F}.Release|Any CPU.Build.0 = Release|Any CPU
		{EB125591-FFC9-4A4D-A661-81ADFFC6D17D}.Debug|Any CPU.ActiveCfg = Debug|Any CPU
		{EB125591-FFC9-4A4D-A661-81ADFFC6D17D}.Debug|Any CPU.Build.0 = Debug|Any CPU
		{EB125591-FFC9-4A4D-A661-81ADFFC6D17D}.Release|Any CPU.ActiveCfg = Release|Any CPU
		{EB125591-FFC9-4A4D-A661-81ADFFC6D17D}.Release|Any CPU.Build.0 = Release|Any CPU
		{53D17AB4-2C54-4163-B40B-EFE917FC310E}.Debug|Any CPU.ActiveCfg = Debug|Any CPU
		{53D17AB4-2C54-4163-B40B-EFE917FC310E}.Debug|Any CPU.Build.0 = Debug|Any CPU
		{53D17AB4-2C54-4163-B40B-EFE917FC310E}.Release|Any CPU.ActiveCfg = Release|Any CPU
		{53D17AB4-2C54-4163-B40B-EFE917FC310E}.Release|Any CPU.Build.0 = Release|Any CPU
		{1428B84D-CDAC-48E2-AF99-47583A54F62D}.Debug|Any CPU.ActiveCfg = Debug|Any CPU
		{1428B84D-CDAC-48E2-AF99-47583A54F62D}.Debug|Any CPU.Build.0 = Debug|Any CPU
		{1428B84D-CDAC-48E2-AF99-47583A54F62D}.Release|Any CPU.ActiveCfg = Release|Any CPU
		{1428B84D-CDAC-48E2-AF99-47583A54F62D}.Release|Any CPU.Build.0 = Release|Any CPU
		{9D540170-8C90-4337-A8E2-D744C59DD3E6}.Debug|Any CPU.ActiveCfg = Debug|Any CPU
		{9D540170-8C90-4337-A8E2-D744C59DD3E6}.Debug|Any CPU.Build.0 = Debug|Any CPU
		{9D540170-8C90-4337-A8E2-D744C59DD3E6}.Release|Any CPU.ActiveCfg = Release|Any CPU
		{9D540170-8C90-4337-A8E2-D744C59DD3E6}.Release|Any CPU.Build.0 = Release|Any CPU
	EndGlobalSection
	GlobalSection(SolutionProperties) = preSolution
		HideSolutionNode = FALSE
	EndGlobalSection
EndGlobal
