
Microsoft Visual Studio Solution File, Format Version 12.00
# Visual Studio 14
VisualStudioVersion = 14.0.25123.0
MinimumVisualStudioVersion = 10.0.40219.1
Project("{FAE04EC0-301F-11D3-BF4B-00C04F79EFBC}") = "AverageStudentGrades", "AverageStudentGrades\AverageStudentGrades.csproj", "{154EDB79-D363-44AF-B7C7-386FBFB2397A}"
EndProject
Project("{FAE04EC0-301F-11D3-BF4B-00C04F79EFBC}") = "CityContinentCountry", "CityContinentCountry\CityContinentCountry.csproj", "{25EA54A0-2A51-4398-9ADB-ED056DFE10B2}"
EndProject
Project("{FAE04EC0-301F-11D3-BF4B-00C04F79EFBC}") = "Record Unique Names", "Record Unique Names\Record Unique Names.csproj", "{39322BA8-8D52-4BAC-BE04-241B82BF559B}"
EndProject
Project("{FAE04EC0-301F-11D3-BF4B-00C04F79EFBC}") = "ContinentCityCountry", "ContinentCityCountry\ContinentCityCountry.csproj", "{E5536C0B-3756-4DD7-BBDE-047A94A2D823}"
EndProject
Global
	GlobalSection(SolutionConfigurationPlatforms) = preSolution
		Debug|Any CPU = Debug|Any CPU
		Release|Any CPU = Release|Any CPU
	EndGlobalSection
	GlobalSection(ProjectConfigurationPlatforms) = postSolution
		{154EDB79-D363-44AF-B7C7-386FBFB2397A}.Debug|Any CPU.ActiveCfg = Debug|Any CPU
		{154EDB79-D363-44AF-B7C7-386FBFB2397A}.Debug|Any CPU.Build.0 = Debug|Any CPU
		{154EDB79-D363-44AF-B7C7-386FBFB2397A}.Release|Any CPU.ActiveCfg = Release|Any CPU
		{154EDB79-D363-44AF-B7C7-386FBFB2397A}.Release|Any CPU.Build.0 = Release|Any CPU
		{25EA54A0-2A51-4398-9ADB-ED056DFE10B2}.Debug|Any CPU.ActiveCfg = Debug|Any CPU
		{25EA54A0-2A51-4398-9ADB-ED056DFE10B2}.Debug|Any CPU.Build.0 = Debug|Any CPU
		{25EA54A0-2A51-4398-9ADB-ED056DFE10B2}.Release|Any CPU.ActiveCfg = Release|Any CPU
		{25EA54A0-2A51-4398-9ADB-ED056DFE10B2}.Release|Any CPU.Build.0 = Release|Any CPU
		{39322BA8-8D52-4BAC-BE04-241B82BF559B}.Debug|Any CPU.ActiveCfg = Debug|Any CPU
		{39322BA8-8D52-4BAC-BE04-241B82BF559B}.Debug|Any CPU.Build.0 = Debug|Any CPU
		{39322BA8-8D52-4BAC-BE04-241B82BF559B}.Release|Any CPU.ActiveCfg = Release|Any CPU
		{39322BA8-8D52-4BAC-BE04-241B82BF559B}.Release|Any CPU.Build.0 = Release|Any CPU
		{E5536C0B-3756-4DD7-BBDE-047A94A2D823}.Debug|Any CPU.ActiveCfg = Debug|Any CPU
		{E5536C0B-3756-4DD7-BBDE-047A94A2D823}.Debug|Any CPU.Build.0 = Debug|Any CPU
		{E5536C0B-3756-4DD7-BBDE-047A94A2D823}.Release|Any CPU.ActiveCfg = Release|Any CPU
		{E5536C0B-3756-4DD7-BBDE-047A94A2D823}.Release|Any CPU.Build.0 = Release|Any CPU
	EndGlobalSection
	GlobalSection(SolutionProperties) = preSolution
		HideSolutionNode = FALSE
	EndGlobalSection
EndGlobal
