
Microsoft Visual Studio Solution File, Format Version 12.00
# Visual Studio 14
VisualStudioVersion = 14.0.25123.0
MinimumVisualStudioVersion = 10.0.40219.1
Project("{FAE04EC0-301F-11D3-BF4B-00C04F79EFBC}") = "01.DebitCardNumber", "01.DebitCardNumber\01.DebitCardNumber.csproj", "{4D3851CD-3C2C-49B7-80D1-0A70462B6271}"
EndProject
Project("{FAE04EC0-301F-11D3-BF4B-00C04F79EFBC}") = "02.RectangleArea", "02.RectangleArea\02.RectangleArea.csproj", "{8B3C9EFF-A52C-444E-B56C-8DA4EF54C23C}"
EndProject
Project("{FAE04EC0-301F-11D3-BF4B-00C04F79EFBC}") = "03.MilesToKilometers", "MilesToKilometers\03.MilesToKilometers.csproj", "{11EC8A6B-3485-43E6-9207-9C8CFF9D76E2}"
EndProject
Project("{FAE04EC0-301F-11D3-BF4B-00C04F79EFBC}") = "04.BeverageLabels", "BeverageLabels\04.BeverageLabels.csproj", "{ABA4F3FA-96A8-44B2-AAF8-EAD313574B68}"
EndProject
Project("{FAE04EC0-301F-11D3-BF4B-00C04F79EFBC}") = "CharacterStats", "CharacterStats\CharacterStats.csproj", "{8C5698BB-464A-472A-AF21-B963FAC379C9}"
EndProject
Global
	GlobalSection(SolutionConfigurationPlatforms) = preSolution
		Debug|Any CPU = Debug|Any CPU
		Release|Any CPU = Release|Any CPU
	EndGlobalSection
	GlobalSection(ProjectConfigurationPlatforms) = postSolution
		{4D3851CD-3C2C-49B7-80D1-0A70462B6271}.Debug|Any CPU.ActiveCfg = Debug|Any CPU
		{4D3851CD-3C2C-49B7-80D1-0A70462B6271}.Debug|Any CPU.Build.0 = Debug|Any CPU
		{4D3851CD-3C2C-49B7-80D1-0A70462B6271}.Release|Any CPU.ActiveCfg = Release|Any CPU
		{4D3851CD-3C2C-49B7-80D1-0A70462B6271}.Release|Any CPU.Build.0 = Release|Any CPU
		{8B3C9EFF-A52C-444E-B56C-8DA4EF54C23C}.Debug|Any CPU.ActiveCfg = Debug|Any CPU
		{8B3C9EFF-A52C-444E-B56C-8DA4EF54C23C}.Debug|Any CPU.Build.0 = Debug|Any CPU
		{8B3C9EFF-A52C-444E-B56C-8DA4EF54C23C}.Release|Any CPU.ActiveCfg = Release|Any CPU
		{8B3C9EFF-A52C-444E-B56C-8DA4EF54C23C}.Release|Any CPU.Build.0 = Release|Any CPU
		{11EC8A6B-3485-43E6-9207-9C8CFF9D76E2}.Debug|Any CPU.ActiveCfg = Debug|Any CPU
		{11EC8A6B-3485-43E6-9207-9C8CFF9D76E2}.Debug|Any CPU.Build.0 = Debug|Any CPU
		{11EC8A6B-3485-43E6-9207-9C8CFF9D76E2}.Release|Any CPU.ActiveCfg = Release|Any CPU
		{11EC8A6B-3485-43E6-9207-9C8CFF9D76E2}.Release|Any CPU.Build.0 = Release|Any CPU
		{ABA4F3FA-96A8-44B2-AAF8-EAD313574B68}.Debug|Any CPU.ActiveCfg = Debug|Any CPU
		{ABA4F3FA-96A8-44B2-AAF8-EAD313574B68}.Debug|Any CPU.Build.0 = Debug|Any CPU
		{ABA4F3FA-96A8-44B2-AAF8-EAD313574B68}.Release|Any CPU.ActiveCfg = Release|Any CPU
		{ABA4F3FA-96A8-44B2-AAF8-EAD313574B68}.Release|Any CPU.Build.0 = Release|Any CPU
		{8C5698BB-464A-472A-AF21-B963FAC379C9}.Debug|Any CPU.ActiveCfg = Debug|Any CPU
		{8C5698BB-464A-472A-AF21-B963FAC379C9}.Debug|Any CPU.Build.0 = Debug|Any CPU
		{8C5698BB-464A-472A-AF21-B963FAC379C9}.Release|Any CPU.ActiveCfg = Release|Any CPU
		{8C5698BB-464A-472A-AF21-B963FAC379C9}.Release|Any CPU.Build.0 = Release|Any CPU
	EndGlobalSection
	GlobalSection(SolutionProperties) = preSolution
		HideSolutionNode = FALSE
	EndGlobalSection
EndGlobal
