
Microsoft Visual Studio Solution File, Format Version 12.00
# Visual Studio 14
VisualStudioVersion = 14.0.25123.0
MinimumVisualStudioVersion = 10.0.40219.1
Project("{FAE04EC0-301F-11D3-BF4B-00C04F79EFBC}") = "Distinct List", "Distinct List\Distinct List.csproj", "{06D60FD7-46B5-419A-955A-25FADEFA6798}"
EndProject
Project("{FAE04EC0-301F-11D3-BF4B-00C04F79EFBC}") = "Integer Insertion", "Integer Insertion\Integer Insertion.csproj", "{B563DBF9-D5AD-4EDC-A65F-54E4D9BDFAAA}"
EndProject
Project("{FAE04EC0-301F-11D3-BF4B-00C04F79EFBC}") = "Camel’s Back", "Camel’s Back\Camel’s Back.csproj", "{67354401-B8F1-4751-A778-A47DC726C74C}"
EndProject
Project("{FAE04EC0-301F-11D3-BF4B-00C04F79EFBC}") = "Ununion Lists", "Ununion Lists\Ununion Lists.csproj", "{0EC7187A-C70A-44BF-8F4E-B7352B8E9849}"
EndProject
Project("{FAE04EC0-301F-11D3-BF4B-00C04F79EFBC}") = "Note Statistics", "Note Statistics\Note Statistics.csproj", "{F38B31EF-E0F9-431A-995F-19DF78025F3A}"
EndProject
Project("{FAE04EC0-301F-11D3-BF4B-00C04F79EFBC}") = "Winecraft", "Winecraft\Winecraft.csproj", "{E06DEEDE-F5E6-4269-9368-99380CD32A21}"
EndProject
Global
	GlobalSection(SolutionConfigurationPlatforms) = preSolution
		Debug|Any CPU = Debug|Any CPU
		Release|Any CPU = Release|Any CPU
	EndGlobalSection
	GlobalSection(ProjectConfigurationPlatforms) = postSolution
		{06D60FD7-46B5-419A-955A-25FADEFA6798}.Debug|Any CPU.ActiveCfg = Debug|Any CPU
		{06D60FD7-46B5-419A-955A-25FADEFA6798}.Debug|Any CPU.Build.0 = Debug|Any CPU
		{06D60FD7-46B5-419A-955A-25FADEFA6798}.Release|Any CPU.ActiveCfg = Release|Any CPU
		{06D60FD7-46B5-419A-955A-25FADEFA6798}.Release|Any CPU.Build.0 = Release|Any CPU
		{B563DBF9-D5AD-4EDC-A65F-54E4D9BDFAAA}.Debug|Any CPU.ActiveCfg = Debug|Any CPU
		{B563DBF9-D5AD-4EDC-A65F-54E4D9BDFAAA}.Debug|Any CPU.Build.0 = Debug|Any CPU
		{B563DBF9-D5AD-4EDC-A65F-54E4D9BDFAAA}.Release|Any CPU.ActiveCfg = Release|Any CPU
		{B563DBF9-D5AD-4EDC-A65F-54E4D9BDFAAA}.Release|Any CPU.Build.0 = Release|Any CPU
		{67354401-B8F1-4751-A778-A47DC726C74C}.Debug|Any CPU.ActiveCfg = Debug|Any CPU
		{67354401-B8F1-4751-A778-A47DC726C74C}.Debug|Any CPU.Build.0 = Debug|Any CPU
		{67354401-B8F1-4751-A778-A47DC726C74C}.Release|Any CPU.ActiveCfg = Release|Any CPU
		{67354401-B8F1-4751-A778-A47DC726C74C}.Release|Any CPU.Build.0 = Release|Any CPU
		{0EC7187A-C70A-44BF-8F4E-B7352B8E9849}.Debug|Any CPU.ActiveCfg = Debug|Any CPU
		{0EC7187A-C70A-44BF-8F4E-B7352B8E9849}.Debug|Any CPU.Build.0 = Debug|Any CPU
		{0EC7187A-C70A-44BF-8F4E-B7352B8E9849}.Release|Any CPU.ActiveCfg = Release|Any CPU
		{0EC7187A-C70A-44BF-8F4E-B7352B8E9849}.Release|Any CPU.Build.0 = Release|Any CPU
		{F38B31EF-E0F9-431A-995F-19DF78025F3A}.Debug|Any CPU.ActiveCfg = Debug|Any CPU
		{F38B31EF-E0F9-431A-995F-19DF78025F3A}.Debug|Any CPU.Build.0 = Debug|Any CPU
		{F38B31EF-E0F9-431A-995F-19DF78025F3A}.Release|Any CPU.ActiveCfg = Release|Any CPU
		{F38B31EF-E0F9-431A-995F-19DF78025F3A}.Release|Any CPU.Build.0 = Release|Any CPU
		{E06DEEDE-F5E6-4269-9368-99380CD32A21}.Debug|Any CPU.ActiveCfg = Debug|Any CPU
		{E06DEEDE-F5E6-4269-9368-99380CD32A21}.Debug|Any CPU.Build.0 = Debug|Any CPU
		{E06DEEDE-F5E6-4269-9368-99380CD32A21}.Release|Any CPU.ActiveCfg = Release|Any CPU
		{E06DEEDE-F5E6-4269-9368-99380CD32A21}.Release|Any CPU.Build.0 = Release|Any CPU
	EndGlobalSection
	GlobalSection(SolutionProperties) = preSolution
		HideSolutionNode = FALSE
	EndGlobalSection
EndGlobal
